Microsoft Visual Studio Solution File, Format Version 12.00
# Visual Studio Version 17
VisualStudioVersion = 17.0.31903.59
MinimumVisualStudioVersion = 10.0.40219.1
Project("{FAE04EC0-301F-11D3-BF4B-00C04F79EFBC}") = "ProductService.Application", "ProductService/src/ProductService.Application/ProductService.Application.csproj", "{9841E6F2-300F-E0D7-FE94-15B3D35B8A4B}"
EndProject
Project("{FAE04EC0-301F-11D3-BF4B-00C04F79EFBC}") = "ProductService.Domain", "ProductService/src/ProductService.Domain/ProductService.Domain.csproj", "{204FE316-64B8-55D3-750D-861C420EB700}"
EndProject
Project("{FAE04EC0-301F-11D3-BF4B-00C04F79EFBC}") = "ProductService.Infrastructure", "ProductService/src/ProductService.Infrastructure/ProductService.Infrastructure.csproj", "{9E465EDE-9944-6C41-8D17-93AB968445CF}"
EndProject
Project("{FAE04EC0-301F-11D3-BF4B-00C04F79EFBC}") = "ProductService.WebApi", "ProductService/src/ProductService.WebApi/ProductService.WebApi.csproj", "{9D9E41BA-50AB-C9C0-66F4-0B311E8B40F2}"
EndProject
Project("{FAE04EC0-301F-11D3-BF4B-00C04F79EFBC}") = "ProductService.Application.Tests", "ProductService/tests/ProductService.Application.Tests/ProductService.Application.Tests.csproj", "{F6EC2D1A-B463-034C-9B28-0D6FD760D071}"
EndProject
Project("{FAE04EC0-301F-11D3-BF4B-00C04F79EFBC}") = "ProductService.Architecture.Tests", "ProductService/tests/ProductService.Architecture.Tests/ProductService.Architecture.Tests.csproj", "{920807A9-4811-B8C6-F3F8-D0E86AA75762}"
EndProject
Project("{FAE04EC0-301F-11D3-BF4B-00C04F79EFBC}") = "ProductService.Domain.Tests", "ProductService/tests/ProductService.Domain.Tests/ProductService.Domain.Tests.csproj", "{B673C0B1-6A52-AA84-755F-E3BCD8D50730}"
EndProject
Project("{FAE04EC0-301F-11D3-BF4B-00C04F79EFBC}") = "ProductService.Infrastructure.Tests", "ProductService/tests/ProductService.Infrastructure.Tests/ProductService.Infrastructure.Tests.csproj", "{FAF0B5CC-0FB8-8FA7-A07A-773E2A6BEF5E}"
EndProject
Project("{FAE04EC0-301F-11D3-BF4B-00C04F79EFBC}") = "ProductService.WebApi.Tests", "ProductService/tests/ProductService.WebApi.Tests/ProductService.WebApi.Tests.csproj", "{CDC6A6B9-EEDE-FE8A-391D-97D28FAF794E}"
EndProject
Project("{FAE04EC0-301F-11D3-BF4B-00C04F79EFBC}") = "ShopPlatform.Gateway", "src/ShopPlatform.Gateway/ShopPlatform.Gateway.csproj", "{95DA471B-DFCD-C4B7-FB28-8260DFC85036}"
EndProject
Global
    GlobalSection(SolutionConfigurationPlatforms) = preSolution
        Debug|Any CPU = Debug|Any CPU
        Release|Any CPU = Release|Any CPU
    EndGlobalSection
    GlobalSection(ProjectConfigurationPlatforms) = postSolution
        {9841E6F2-300F-E0D7-FE94-15B3D35B8A4B}.Debug|Any CPU.ActiveCfg = Debug|Any CPU
        {9841E6F2-300F-E0D7-FE94-15B3D35B8A4B}.Debug|Any CPU.Build.0 = Debug|Any CPU
        {9841E6F2-300F-E0D7-FE94-15B3D35B8A4B}.Release|Any CPU.ActiveCfg = Release|Any CPU
        {9841E6F2-300F-E0D7-FE94-15B3D35B8A4B}.Release|Any CPU.Build.0 = Release|Any CPU
        {204FE316-64B8-55D3-750D-861C420EB700}.Debug|Any CPU.ActiveCfg = Debug|Any CPU
        {204FE316-64B8-55D3-750D-861C420EB700}.Debug|Any CPU.Build.0 = Debug|Any CPU
        {204FE316-64B8-55D3-750D-861C420EB700}.Release|Any CPU.ActiveCfg = Release|Any CPU
        {204FE316-64B8-55D3-750D-861C420EB700}.Release|Any CPU.Build.0 = Release|Any CPU
        {9E465EDE-9944-6C41-8D17-93AB968445CF}.Debug|Any CPU.ActiveCfg = Debug|Any CPU
        {9E465EDE-9944-6C41-8D17-93AB968445CF}.Debug|Any CPU.Build.0 = Debug|Any CPU
        {9E465EDE-9944-6C41-8D17-93AB968445CF}.Release|Any CPU.ActiveCfg = Release|Any CPU
        {9E465EDE-9944-6C41-8D17-93AB968445CF}.Release|Any CPU.Build.0 = Release|Any CPU
        {9D9E41BA-50AB-C9C0-66F4-0B311E8B40F2}.Debug|Any CPU.ActiveCfg = Debug|Any CPU
        {9D9E41BA-50AB-C9C0-66F4-0B311E8B40F2}.Debug|Any CPU.Build.0 = Debug|Any CPU
        {9D9E41BA-50AB-C9C0-66F4-0B311E8B40F2}.Release|Any CPU.ActiveCfg = Release|Any CPU
        {9D9E41BA-50AB-C9C0-66F4-0B311E8B40F2}.Release|Any CPU.Build.0 = Release|Any CPU
        {F6EC2D1A-B463-034C-9B28-0D6FD760D071}.Debug|Any CPU.ActiveCfg = Debug|Any CPU
        {F6EC2D1A-B463-034C-9B28-0D6FD760D071}.Debug|Any CPU.Build.0 = Debug|Any CPU
        {F6EC2D1A-B463-034C-9B28-0D6FD760D071}.Release|Any CPU.ActiveCfg = Release|Any CPU
        {F6EC2D1A-B463-034C-9B28-0D6FD760D071}.Release|Any CPU.Build.0 = Release|Any CPU
        {920807A9-4811-B8C6-F3F8-D0E86AA75762}.Debug|Any CPU.ActiveCfg = Debug|Any CPU
        {920807A9-4811-B8C6-F3F8-D0E86AA75762}.Debug|Any CPU.Build.0 = Debug|Any CPU
        {920807A9-4811-B8C6-F3F8-D0E86AA75762}.Release|Any CPU.ActiveCfg = Release|Any CPU
        {920807A9-4811-B8C6-F3F8-D0E86AA75762}.Release|Any CPU.Build.0 = Release|Any CPU
        {B673C0B1-6A52-AA84-755F-E3BCD8D50730}.Debug|Any CPU.ActiveCfg = Debug|Any CPU
        {B673C0B1-6A52-AA84-755F-E3BCD8D50730}.Debug|Any CPU.Build.0 = Debug|Any CPU
        {B673C0B1-6A52-AA84-755F-E3BCD8D50730}.Release|Any CPU.ActiveCfg = Release|Any CPU
        {B673C0B1-6A52-AA84-755F-E3BCD8D50730}.Release|Any CPU.Build.0 = Release|Any CPU
        {FAF0B5CC-0FB8-8FA7-A07A-773E2A6BEF5E}.Debug|Any CPU.ActiveCfg = Debug|Any CPU
        {FAF0B5CC-0FB8-8FA7-A07A-773E2A6BEF5E}.Debug|Any CPU.Build.0 = Debug|Any CPU
        {FAF0B5CC-0FB8-8FA7-A07A-773E2A6BEF5E}.Release|Any CPU.ActiveCfg = Release|Any CPU
        {FAF0B5CC-0FB8-8FA7-A07A-773E2A6BEF5E}.Release|Any CPU.Build.0 = Release|Any CPU
        {CDC6A6B9-EEDE-FE8A-391D-97D28FAF794E}.Debug|Any CPU.ActiveCfg = Debug|Any CPU
        {CDC6A6B9-EEDE-FE8A-391D-97D28FAF794E}.Debug|Any CPU.Build.0 = Debug|Any CPU
        {CDC6A6B9-EEDE-FE8A-391D-97D28FAF794E}.Release|Any CPU.ActiveCfg = Release|Any CPU
        {CDC6A6B9-EEDE-FE8A-391D-97D28FAF794E}.Release|Any CPU.Build.0 = Release|Any CPU
        {95DA471B-DFCD-C4B7-FB28-8260DFC85036}.Debug|Any CPU.ActiveCfg = Debug|Any CPU
        {95DA471B-DFCD-C4B7-FB28-8260DFC85036}.Debug|Any CPU.Build.0 = Debug|Any CPU
        {95DA471B-DFCD-C4B7-FB28-8260DFC85036}.Release|Any CPU.ActiveCfg = Release|Any CPU
        {95DA471B-DFCD-C4B7-FB28-8260DFC85036}.Release|Any CPU.Build.0 = Release|Any CPU
    EndGlobalSection
    GlobalSection(SolutionProperties) = preSolution
        HideSolutionNode = FALSE
    EndGlobalSection
EndGlobal
